
Microsoft Visual Studio Solution File, Format Version 12.00
# Visual Studio Version 16
VisualStudioVersion = 16.0.32901.82
MinimumVisualStudioVersion = 10.0.40219.1
Project("{FAE04EC0-301F-11D3-BF4B-00C04F79EFBC}") = "WindowsFormsApp1", "WindowsFormsApp1\WindowsFormsApp1.csproj", "{904F3AE9-11B4-474C-B1E7-E054794F7523}"
EndProject
Global
	GlobalSection(SolutionConfigurationPlatforms) = preSolution
		Debug|Any CPU = Debug|Any CPU
		Debug|x64 = Debug|x64
		Release|Any CPU = Release|Any CPU
		Release|x64 = Release|x64
	EndGlobalSection
	GlobalSection(ProjectConfigurationPlatforms) = postSolution
		{904F3AE9-11B4-474C-B1E7-E054794F7523}.Debug|Any CPU.ActiveCfg = Debug|Any CPU
		{904F3AE9-11B4-474C-B1E7-E054794F7523}.Debug|Any CPU.Build.0 = Debug|Any CPU
		{904F3AE9-11B4-474C-B1E7-E054794F7523}.Debug|x64.ActiveCfg = Release|x64
		{904F3AE9-11B4-474C-B1E7-E054794F7523}.Debug|x64.Build.0 = Release|x64
		{904F3AE9-11B4-474C-B1E7-E054794F7523}.Release|Any CPU.ActiveCfg = Release|Any CPU
		{904F3AE9-11B4-474C-B1E7-E054794F7523}.Release|Any CPU.Build.0 = Release|Any CPU
		{904F3AE9-11B4-474C-B1E7-E054794F7523}.Release|x64.ActiveCfg = Release|x64
		{904F3AE9-11B4-474C-B1E7-E054794F7523}.Release|x64.Build.0 = Release|x64
	EndGlobalSection
	GlobalSection(SolutionProperties) = preSolution
		HideSolutionNode = FALSE
	EndGlobalSection
	GlobalSection(ExtensibilityGlobals) = postSolution
		SolutionGuid = {070689D7-BCBF-429D-A9F8-B7AEF0DF0C3A}
	EndGlobalSection
EndGlobal
